
Microsoft Visual Studio Solution File, Format Version 12.00
# Visual Studio 15
VisualStudioVersion = 15.0.26403.7
MinimumVisualStudioVersion = 10.0.40219.1
Project("{9A19103F-16F7-4668-BE54-9A1E7A4F7556}") = "com.sample-console", "com.sample-console.csproj", "{0F4182AC-D7FE-4325-8075-1FEA9115FED1}"
EndProject
Global
	GlobalSection(SolutionConfigurationPlatforms) = preSolution
		Debug|Any CPU = Debug|Any CPU
		Release|Any CPU = Release|Any CPU
	EndGlobalSection
	GlobalSection(ProjectConfigurationPlatforms) = postSolution
		{0F4182AC-D7FE-4325-8075-1FEA9115FED1}.Debug|Any CPU.ActiveCfg = Debug|Any CPU
		{0F4182AC-D7FE-4325-8075-1FEA9115FED1}.Debug|Any CPU.Build.0 = Debug|Any CPU
		{0F4182AC-D7FE-4325-8075-1FEA9115FED1}.Release|Any CPU.ActiveCfg = Release|Any CPU
		{0F4182AC-D7FE-4325-8075-1FEA9115FED1}.Release|Any CPU.Build.0 = Release|Any CPU
	EndGlobalSection
	GlobalSection(SolutionProperties) = preSolution
		HideSolutionNode = FALSE
	EndGlobalSection
EndGlobal
